{
  "name": "@one-style/prettier",
  "version": "0.4.0",
  "lockfileVersion": 1,
  "requires": true,
  "dependencies": {
    "prettier": {
      "version": "2.2.1",
      "resolved": "https://registry.npm.taobao.org/prettier/download/prettier-2.2.1.tgz",
      "integrity": "sha1-eVoaeN1S8HPaDNQrIfnJE4GSP/U="
    }
  }
}
